
Microsoft Visual Studio Solution File, Format Version 12.00
# Visual Studio Version 16
VisualStudioVersion = 16.0.30011.22
MinimumVisualStudioVersion = 10.0.40219.1
Project("{FAE04EC0-301F-11D3-BF4B-00C04F79EFBC}") = "KSP_DataDump", "KSP_DataDump\KSP_DataDump.csproj", "{43C37382-A7E8-41DB-B177-9B560A5822FB}"
EndProject
Project("{2150E333-8FDC-42A3-9474-1A3956D46DE8}") = "Solution Items", "Solution Items", "{0EC0C4ED-2BBD-48C3-9242-217EC8D50467}"
	ProjectSection(SolutionItems) = preProject
		buildRelease.bat = buildRelease.bat
		Changelog.txt = Changelog.txt
		deploy.bat = deploy.bat
		jenkins.txt = jenkins.txt
		KSP_DataDump.version = KSP_DataDump.version
		Readme.md = Readme.md
	EndProjectSection
EndProject
Global
	GlobalSection(SolutionConfigurationPlatforms) = preSolution
		Debug|Any CPU = Debug|Any CPU
		Release|Any CPU = Release|Any CPU
	EndGlobalSection
	GlobalSection(ProjectConfigurationPlatforms) = postSolution
		{43C37382-A7E8-41DB-B177-9B560A5822FB}.Debug|Any CPU.ActiveCfg = Debug|Any CPU
		{43C37382-A7E8-41DB-B177-9B560A5822FB}.Debug|Any CPU.Build.0 = Debug|Any CPU
		{43C37382-A7E8-41DB-B177-9B560A5822FB}.Release|Any CPU.ActiveCfg = Release|Any CPU
		{43C37382-A7E8-41DB-B177-9B560A5822FB}.Release|Any CPU.Build.0 = Release|Any CPU
	EndGlobalSection
	GlobalSection(SolutionProperties) = preSolution
		HideSolutionNode = FALSE
	EndGlobalSection
	GlobalSection(ExtensibilityGlobals) = postSolution
		SolutionGuid = {CA7D2184-9247-4E42-B2B7-A8BBC5935D4A}
	EndGlobalSection
EndGlobal
